// !$*UTF8*$!
{
	archiveVersion = 1;
	classes = {
	};
	objectVersion = 52;
	objects = {

/* Begin PBXBuildFile section */
		0FEDCF0524F89B5200358051 /* denylist.txt in Resources */ = {isa = PBXBuildFile; fileRef = 0FEDCF0424F89B5200358051 /* denylist.txt */; };
		6A29FD0520E6EB0F004885EC /* AppDelegate.swift in Sources */ = {isa = PBXBuildFile; fileRef = 6A29FD0420E6EB0F004885EC /* AppDelegate.swift */; };
		6A29FD0720E6EB0F004885EC /* AutocompleteViewController.swift in Sources */ = {isa = PBXBuildFile; fileRef = 6A29FD0620E6EB0F004885EC /* AutocompleteViewController.swift */; };
		6A29FD0C20E6EB0F004885EC /* Assets.xcassets in Resources */ = {isa = PBXBuildFile; fileRef = 6A29FD0B20E6EB0F004885EC /* Assets.xcassets */; };
		6A29FD1A20E6EB10004885EC /* UserSearchResultDataProviderTests.swift in Sources */ = {isa = PBXBuildFile; fileRef = 6A29FD1920E6EB10004885EC /* UserSearchResultDataProviderTests.swift */; };
		6A29FD2720E6EC1F004885EC /* UserSearchResult.swift in Sources */ = {isa = PBXBuildFile; fileRef = 6A29FD2620E6EC1F004885EC /* UserSearchResult.swift */; };
		6A29FD2920E6EC2F004885EC /* SlackUserSearchService.swift in Sources */ = {isa = PBXBuildFile; fileRef = 6A29FD2820E6EC2F004885EC /* SlackUserSearchService.swift */; };
		6A29FD2D20E6EC79004885EC /* UserSearchResultDataProvider.swift in Sources */ = {isa = PBXBuildFile; fileRef = 6A29FD2C20E6EC79004885EC /* UserSearchResultDataProvider.swift */; };
		6AC4866E21F2AB700068D741 /* LaunchScreen.storyboard in Resources */ = {isa = PBXBuildFile; fileRef = 6AC4866D21F2AB700068D741 /* LaunchScreen.storyboard */; };
		6AE88E35222759D90032677C /* Lato-Bold.ttf in Resources */ = {isa = PBXBuildFile; fileRef = 6AE88E33222759D80032677C /* Lato-Bold.ttf */; };
		6AE88E36222759D90032677C /* Lato-Regular.ttf in Resources */ = {isa = PBXBuildFile; fileRef = 6AE88E34222759D90032677C /* Lato-Regular.ttf */; };
		6AF5D92820EC255B008186C3 /* AutocompleteViewModel.swift in Sources */ = {isa = PBXBuildFile; fileRef = 6AF5D92720EC255B008186C3 /* AutocompleteViewModel.swift */; };
		E66A222827CA17DC001D2A63 /* Localizable.strings in Resources */ = {isa = PBXBuildFile; fileRef = E66A222A27CA17DC001D2A63 /* Localizable.strings */; };
		E66A222C27CA181C001D2A63 /* LocalizableKey.swift in Sources */ = {isa = PBXBuildFile; fileRef = E66A222B27CA181C001D2A63 /* LocalizableKey.swift */; };
		E66A227527CA2418001D2A63 /* LoggerExtensions.swift in Sources */ = {isa = PBXBuildFile; fileRef = E66A227427CA2418001D2A63 /* LoggerExtensions.swift */; };
		E674DD4427CAE05C00361ED8 /* UserDataSource.swift in Sources */ = {isa = PBXBuildFile; fileRef = E674DD4327CAE05C00361ED8 /* UserDataSource.swift */; };
		E674DE2327CAEF9F00361ED8 /* KeyboardNotifyingViewController.swift in Sources */ = {isa = PBXBuildFile; fileRef = E674DE2227CAEF9F00361ED8 /* KeyboardNotifyingViewController.swift */; };
		E674DE2627CB030100361ED8 /* NetworkService.swift in Sources */ = {isa = PBXBuildFile; fileRef = E674DE2527CB030100361ED8 /* NetworkService.swift */; };
		E674DE2827CB047C00361ED8 /* UserSeachServiceTests.swift in Sources */ = {isa = PBXBuildFile; fileRef = E674DE2727CB047C00361ED8 /* UserSeachServiceTests.swift */; };
		E674DE2A27CB04AD00361ED8 /* MockNetworkService.swift in Sources */ = {isa = PBXBuildFile; fileRef = E674DE2927CB04AD00361ED8 /* MockNetworkService.swift */; };
		E674DE6D27CB0A4400361ED8 /* SlackUserSearchUrlTests.swift in Sources */ = {isa = PBXBuildFile; fileRef = E674DE6C27CB0A4400361ED8 /* SlackUserSearchUrlTests.swift */; };
		E69DFAB927C75329003F9FE8 /* UserTableCellView.swift in Sources */ = {isa = PBXBuildFile; fileRef = E69DFAB827C75329003F9FE8 /* UserTableCellView.swift */; };
		E69DFABB27C76B91003F9FE8 /* MockUserSearchService.swift in Sources */ = {isa = PBXBuildFile; fileRef = E69DFABA27C76B91003F9FE8 /* MockUserSearchService.swift */; };
		E69DFABE27C82E8F003F9FE8 /* UIFont+lato.swift in Sources */ = {isa = PBXBuildFile; fileRef = E69DFABD27C82E8F003F9FE8 /* UIFont+lato.swift */; };
		E69DFAC127C838C1003F9FE8 /* Kingfisher in Frameworks */ = {isa = PBXBuildFile; productRef = E69DFAC027C838C1003F9FE8 /* Kingfisher */; };
		E69DFAC427C83C1C003F9FE8 /* UIColor+custom.swift in Sources */ = {isa = PBXBuildFile; fileRef = E69DFAC327C83C1C003F9FE8 /* UIColor+custom.swift */; };
		E69DFAC627C843C6003F9FE8 /* SearchDenyList.swift in Sources */ = {isa = PBXBuildFile; fileRef = E69DFAC527C843C6003F9FE8 /* SearchDenyList.swift */; };
		E69DFAC827C85E5D003F9FE8 /* MockDenyList.swift in Sources */ = {isa = PBXBuildFile; fileRef = E69DFAC727C85E5D003F9FE8 /* MockDenyList.swift */; };
		E6C396A527C8902300613165 /* SearchError.swift in Sources */ = {isa = PBXBuildFile; fileRef = E6C396A427C8902300613165 /* SearchError.swift */; };
		E6C396AC27C8C09200613165 /* MessageView.swift in Sources */ = {isa = PBXBuildFile; fileRef = E6C396AB27C8C09200613165 /* MessageView.swift */; };
/* End PBXBuildFile section */

/* Begin PBXContainerItemProxy section */
		6A29FD1620E6EB10004885EC /* PBXContainerItemProxy */ = {
			isa = PBXContainerItemProxy;
			containerPortal = 6A29FCF920E6EB0F004885EC /* Project object */;
			proxyType = 1;
			remoteGlobalIDString = 6A29FD0020E6EB0F004885EC;
			remoteInfo = CodingExercise;
		};
/* End PBXContainerItemProxy section */

/* Begin PBXFileReference section */
		0FEDCF0424F89B5200358051 /* denylist.txt */ = {isa = PBXFileReference; fileEncoding = 4; lastKnownFileType = text; path = denylist.txt; sourceTree = "<group>"; };
		6A29FD0120E6EB0F004885EC /* CodingExercise.app */ = {isa = PBXFileReference; explicitFileType = wrapper.application; includeInIndex = 0; path = CodingExercise.app; sourceTree = BUILT_PRODUCTS_DIR; };
		6A29FD0420E6EB0F004885EC /* AppDelegate.swift */ = {isa = PBXFileReference; lastKnownFileType = sourcecode.swift; path = AppDelegate.swift; sourceTree = "<group>"; };
		6A29FD0620E6EB0F004885EC /* AutocompleteViewController.swift */ = {isa = PBXFileReference; lastKnownFileType = sourcecode.swift; path = AutocompleteViewController.swift; sourceTree = "<group>"; };
		6A29FD0B20E6EB0F004885EC /* Assets.xcassets */ = {isa = PBXFileReference; lastKnownFileType = folder.assetcatalog; path = Assets.xcassets; sourceTree = "<group>"; };
		6A29FD1020E6EB0F004885EC /* Info.plist */ = {isa = PBXFileReference; lastKnownFileType = text.plist.xml; path = Info.plist; sourceTree = "<group>"; };
		6A29FD1520E6EB10004885EC /* CodingExerciseTests.xctest */ = {isa = PBXFileReference; explicitFileType = wrapper.cfbundle; includeInIndex = 0; path = CodingExerciseTests.xctest; sourceTree = BUILT_PRODUCTS_DIR; };
		6A29FD1920E6EB10004885EC /* UserSearchResultDataProviderTests.swift */ = {isa = PBXFileReference; lastKnownFileType = sourcecode.swift; path = UserSearchResultDataProviderTests.swift; sourceTree = "<group>"; };
		6A29FD1B20E6EB10004885EC /* Info.plist */ = {isa = PBXFileReference; lastKnownFileType = text.plist.xml; path = Info.plist; sourceTree = "<group>"; };
		6A29FD2620E6EC1F004885EC /* UserSearchResult.swift */ = {isa = PBXFileReference; lastKnownFileType = sourcecode.swift; path = UserSearchResult.swift; sourceTree = "<group>"; };
		6A29FD2820E6EC2F004885EC /* SlackUserSearchService.swift */ = {isa = PBXFileReference; lastKnownFileType = sourcecode.swift; path = SlackUserSearchService.swift; sourceTree = "<group>"; };
		6A29FD2C20E6EC79004885EC /* UserSearchResultDataProvider.swift */ = {isa = PBXFileReference; lastKnownFileType = sourcecode.swift; path = UserSearchResultDataProvider.swift; sourceTree = "<group>"; };
		6AC4866D21F2AB700068D741 /* LaunchScreen.storyboard */ = {isa = PBXFileReference; fileEncoding = 4; lastKnownFileType = file.storyboard; path = LaunchScreen.storyboard; sourceTree = "<group>"; };
		6AE88E33222759D80032677C /* Lato-Bold.ttf */ = {isa = PBXFileReference; lastKnownFileType = file; path = "Lato-Bold.ttf"; sourceTree = "<group>"; };
		6AE88E34222759D90032677C /* Lato-Regular.ttf */ = {isa = PBXFileReference; lastKnownFileType = file; path = "Lato-Regular.ttf"; sourceTree = "<group>"; };
		6AF5D92720EC255B008186C3 /* AutocompleteViewModel.swift */ = {isa = PBXFileReference; lastKnownFileType = sourcecode.swift; path = AutocompleteViewModel.swift; sourceTree = "<group>"; };
		E66A222927CA17DC001D2A63 /* en */ = {isa = PBXFileReference; lastKnownFileType = text.plist.strings; name = en; path = en.lproj/Localizable.strings; sourceTree = "<group>"; };
		E66A222B27CA181C001D2A63 /* LocalizableKey.swift */ = {isa = PBXFileReference; lastKnownFileType = sourcecode.swift; path = LocalizableKey.swift; sourceTree = "<group>"; };
		E66A227427CA2418001D2A63 /* LoggerExtensions.swift */ = {isa = PBXFileReference; lastKnownFileType = sourcecode.swift; path = LoggerExtensions.swift; sourceTree = "<group>"; };
		E674DD4327CAE05C00361ED8 /* UserDataSource.swift */ = {isa = PBXFileReference; lastKnownFileType = sourcecode.swift; path = UserDataSource.swift; sourceTree = "<group>"; };
		E674DE2227CAEF9F00361ED8 /* KeyboardNotifyingViewController.swift */ = {isa = PBXFileReference; lastKnownFileType = sourcecode.swift; path = KeyboardNotifyingViewController.swift; sourceTree = "<group>"; };
		E674DE2527CB030100361ED8 /* NetworkService.swift */ = {isa = PBXFileReference; lastKnownFileType = sourcecode.swift; path = NetworkService.swift; sourceTree = "<group>"; };
		E674DE2727CB047C00361ED8 /* UserSeachServiceTests.swift */ = {isa = PBXFileReference; lastKnownFileType = sourcecode.swift; path = UserSeachServiceTests.swift; sourceTree = "<group>"; };
		E674DE2927CB04AD00361ED8 /* MockNetworkService.swift */ = {isa = PBXFileReference; lastKnownFileType = sourcecode.swift; path = MockNetworkService.swift; sourceTree = "<group>"; };
		E674DE6C27CB0A4400361ED8 /* SlackUserSearchUrlTests.swift */ = {isa = PBXFileReference; lastKnownFileType = sourcecode.swift; path = SlackUserSearchUrlTests.swift; sourceTree = "<group>"; };
		E69DFAB827C75329003F9FE8 /* UserTableCellView.swift */ = {isa = PBXFileReference; lastKnownFileType = sourcecode.swift; path = UserTableCellView.swift; sourceTree = "<group>"; };
		E69DFABA27C76B91003F9FE8 /* MockUserSearchService.swift */ = {isa = PBXFileReference; lastKnownFileType = sourcecode.swift; path = MockUserSearchService.swift; sourceTree = "<group>"; };
		E69DFABD27C82E8F003F9FE8 /* UIFont+lato.swift */ = {isa = PBXFileReference; lastKnownFileType = sourcecode.swift; path = "UIFont+lato.swift"; sourceTree = "<group>"; };
		E69DFAC327C83C1C003F9FE8 /* UIColor+custom.swift */ = {isa = PBXFileReference; lastKnownFileType = sourcecode.swift; path = "UIColor+custom.swift"; sourceTree = "<group>"; };
		E69DFAC527C843C6003F9FE8 /* SearchDenyList.swift */ = {isa = PBXFileReference; lastKnownFileType = sourcecode.swift; path = SearchDenyList.swift; sourceTree = "<group>"; };
		E69DFAC727C85E5D003F9FE8 /* MockDenyList.swift */ = {isa = PBXFileReference; lastKnownFileType = sourcecode.swift; path = MockDenyList.swift; sourceTree = "<group>"; };
		E6C396A427C8902300613165 /* SearchError.swift */ = {isa = PBXFileReference; lastKnownFileType = sourcecode.swift; path = SearchError.swift; sourceTree = "<group>"; };
		E6C396AB27C8C09200613165 /* MessageView.swift */ = {isa = PBXFileReference; lastKnownFileType = sourcecode.swift; path = MessageView.swift; sourceTree = "<group>"; };
/* End PBXFileReference section */

/* Begin PBXFrameworksBuildPhase section */
		6A29FCFE20E6EB0F004885EC /* Frameworks */ = {
			isa = PBXFrameworksBuildPhase;
			buildActionMask = 2147483647;
			files = (
				E69DFAC127C838C1003F9FE8 /* Kingfisher in Frameworks */,
			);
			runOnlyForDeploymentPostprocessing = 0;
		};
		6A29FD1220E6EB10004885EC /* Frameworks */ = {
			isa = PBXFrameworksBuildPhase;
			buildActionMask = 2147483647;
			files = (
			);
			runOnlyForDeploymentPostprocessing = 0;
		};
/* End PBXFrameworksBuildPhase section */

/* Begin PBXGroup section */
		6A29FCF820E6EB0F004885EC = {
			isa = PBXGroup;
			children = (
				6A29FD0320E6EB0F004885EC /* CodingExercise */,
				6A29FD1820E6EB10004885EC /* CodingExerciseTests */,
				6A29FD0220E6EB0F004885EC /* Products */,
			);
			sourceTree = "<group>";
		};
		6A29FD0220E6EB0F004885EC /* Products */ = {
			isa = PBXGroup;
			children = (
				6A29FD0120E6EB0F004885EC /* CodingExercise.app */,
				6A29FD1520E6EB10004885EC /* CodingExerciseTests.xctest */,
			);
			name = Products;
			sourceTree = "<group>";
		};
		6A29FD0320E6EB0F004885EC /* CodingExercise */ = {
			isa = PBXGroup;
			children = (
				E66A222D27CA191B001D2A63 /* Localization */,
				E66A227627CA2422001D2A63 /* Logger */,
				6AE88E2F222758CA0032677C /* Resources */,
				E69DFAB727C750A8003F9FE8 /* SearchFeature */,
				E6C396AA27C8BF4F00613165 /* Shared */,
				E674DE2427CAF4E600361ED8 /* Theme */,
				6A29FD0420E6EB0F004885EC /* AppDelegate.swift */,
				6A29FD0B20E6EB0F004885EC /* Assets.xcassets */,
				6A29FD1020E6EB0F004885EC /* Info.plist */,
				6AC4866D21F2AB700068D741 /* LaunchScreen.storyboard */,
			);
			path = CodingExercise;
			sourceTree = "<group>";
		};
		6A29FD1820E6EB10004885EC /* CodingExerciseTests */ = {
			isa = PBXGroup;
			children = (
				E69DFAC927C8600F003F9FE8 /* Mocks */,
				6A29FD1B20E6EB10004885EC /* Info.plist */,
				E674DE6C27CB0A4400361ED8 /* SlackUserSearchUrlTests.swift */,
				E674DE2727CB047C00361ED8 /* UserSeachServiceTests.swift */,
				6A29FD1920E6EB10004885EC /* UserSearchResultDataProviderTests.swift */,
			);
			path = CodingExerciseTests;
			sourceTree = "<group>";
		};
		6A29FD2520E6EC09004885EC /* UserSearchService */ = {
			isa = PBXGroup;
			children = (
				E69DFAC527C843C6003F9FE8 /* SearchDenyList.swift */,
				E6C396A427C8902300613165 /* SearchError.swift */,
				6A29FD2820E6EC2F004885EC /* SlackUserSearchService.swift */,
				6A29FD2620E6EC1F004885EC /* UserSearchResult.swift */,
			);
			path = UserSearchService;
			sourceTree = "<group>";
		};
		6AE88E2F222758CA0032677C /* Resources */ = {
			isa = PBXGroup;
			children = (
				0FEDCF0424F89B5200358051 /* denylist.txt */,
			);
			path = Resources;
			sourceTree = "<group>";
		};
		E66A222D27CA191B001D2A63 /* Localization */ = {
			isa = PBXGroup;
			children = (
				E66A222A27CA17DC001D2A63 /* Localizable.strings */,
				E66A222B27CA181C001D2A63 /* LocalizableKey.swift */,
			);
			path = Localization;
			sourceTree = "<group>";
		};
		E66A227627CA2422001D2A63 /* Logger */ = {
			isa = PBXGroup;
			children = (
				E66A227427CA2418001D2A63 /* LoggerExtensions.swift */,
			);
			path = Logger;
			sourceTree = "<group>";
		};
		E674DD4227CAE03300361ED8 /* UserSearchResultList */ = {
			isa = PBXGroup;
			children = (
				E674DD4327CAE05C00361ED8 /* UserDataSource.swift */,
				E69DFAB827C75329003F9FE8 /* UserTableCellView.swift */,
			);
			path = UserSearchResultList;
			sourceTree = "<group>";
		};
		E674DE2427CAF4E600361ED8 /* Theme */ = {
			isa = PBXGroup;
			children = (
				6AE88E33222759D80032677C /* Lato-Bold.ttf */,
				6AE88E34222759D90032677C /* Lato-Regular.ttf */,
				E69DFAC327C83C1C003F9FE8 /* UIColor+custom.swift */,
				E69DFABD27C82E8F003F9FE8 /* UIFont+lato.swift */,
			);
			path = Theme;
			sourceTree = "<group>";
		};
		E69DFAB727C750A8003F9FE8 /* SearchFeature */ = {
			isa = PBXGroup;
			children = (
				E674DD4227CAE03300361ED8 /* UserSearchResultList */,
				6A29FD2520E6EC09004885EC /* UserSearchService */,
				6A29FD0620E6EB0F004885EC /* AutocompleteViewController.swift */,
				6AF5D92720EC255B008186C3 /* AutocompleteViewModel.swift */,
				6A29FD2C20E6EC79004885EC /* UserSearchResultDataProvider.swift */,
			);
			path = SearchFeature;
			sourceTree = "<group>";
		};
		E69DFAC927C8600F003F9FE8 /* Mocks */ = {
			isa = PBXGroup;
			children = (
				E69DFAC727C85E5D003F9FE8 /* MockDenyList.swift */,
				E674DE2927CB04AD00361ED8 /* MockNetworkService.swift */,
				E69DFABA27C76B91003F9FE8 /* MockUserSearchService.swift */,
			);
			path = Mocks;
			sourceTree = "<group>";
		};
		E6C396AA27C8BF4F00613165 /* Shared */ = {
			isa = PBXGroup;
			children = (
				E674DE2227CAEF9F00361ED8 /* KeyboardNotifyingViewController.swift */,
				E6C396AB27C8C09200613165 /* MessageView.swift */,
				E674DE2527CB030100361ED8 /* NetworkService.swift */,
			);
			path = Shared;
			sourceTree = "<group>";
		};
/* End PBXGroup section */

/* Begin PBXNativeTarget section */
		6A29FD0020E6EB0F004885EC /* CodingExercise */ = {
			isa = PBXNativeTarget;
			buildConfigurationList = 6A29FD1E20E6EB10004885EC /* Build configuration list for PBXNativeTarget "CodingExercise" */;
			buildPhases = (
				6A29FCFD20E6EB0F004885EC /* Sources */,
				6A29FCFE20E6EB0F004885EC /* Frameworks */,
				6A29FCFF20E6EB0F004885EC /* Resources */,
			);
			buildRules = (
			);
			dependencies = (
			);
			name = CodingExercise;
			packageProductDependencies = (
				E69DFAC027C838C1003F9FE8 /* Kingfisher */,
			);
			productName = CodingExercise;
			productReference = 6A29FD0120E6EB0F004885EC /* CodingExercise.app */;
			productType = "com.apple.product-type.application";
		};
		6A29FD1420E6EB10004885EC /* CodingExerciseTests */ = {
			isa = PBXNativeTarget;
			buildConfigurationList = 6A29FD2120E6EB10004885EC /* Build configuration list for PBXNativeTarget "CodingExerciseTests" */;
			buildPhases = (
				6A29FD1120E6EB10004885EC /* Sources */,
				6A29FD1220E6EB10004885EC /* Frameworks */,
				6A29FD1320E6EB10004885EC /* Resources */,
			);
			buildRules = (
			);
			dependencies = (
				6A29FD1720E6EB10004885EC /* PBXTargetDependency */,
			);
			name = CodingExerciseTests;
			productName = CodingExerciseTests;
			productReference = 6A29FD1520E6EB10004885EC /* CodingExerciseTests.xctest */;
			productType = "com.apple.product-type.bundle.unit-test";
		};
/* End PBXNativeTarget section */

/* Begin PBXProject section */
		6A29FCF920E6EB0F004885EC /* Project object */ = {
			isa = PBXProject;
			attributes = {
				LastSwiftUpdateCheck = 0920;
				LastUpgradeCheck = 9999;
				ORGANIZATIONNAME = slack;
				TargetAttributes = {
					6A29FD0020E6EB0F004885EC = {
						CreatedOnToolsVersion = 9.2;
						LastSwiftMigration = 1010;
						ProvisioningStyle = Automatic;
					};
					6A29FD1420E6EB10004885EC = {
						CreatedOnToolsVersion = 9.2;
						LastSwiftMigration = 1160;
						ProvisioningStyle = Automatic;
						TestTargetID = 6A29FD0020E6EB0F004885EC;
					};
				};
			};
			buildConfigurationList = 6A29FCFC20E6EB0F004885EC /* Build configuration list for PBXProject "CodingExercise" */;
			compatibilityVersion = "Xcode 8.0";
			developmentRegion = en;
			hasScannedForEncodings = 0;
			knownRegions = (
				en,
				Base,
			);
			mainGroup = 6A29FCF820E6EB0F004885EC;
			packageReferences = (
				E69DFABF27C838C1003F9FE8 /* XCRemoteSwiftPackageReference "Kingfisher" */,
			);
			productRefGroup = 6A29FD0220E6EB0F004885EC /* Products */;
			projectDirPath = "";
			projectRoot = "";
			targets = (
				6A29FD0020E6EB0F004885EC /* CodingExercise */,
				6A29FD1420E6EB10004885EC /* CodingExerciseTests */,
			);
		};
/* End PBXProject section */

/* Begin PBXResourcesBuildPhase section */
		6A29FCFF20E6EB0F004885EC /* Resources */ = {
			isa = PBXResourcesBuildPhase;
			buildActionMask = 2147483647;
			files = (
				6A29FD0C20E6EB0F004885EC /* Assets.xcassets in Resources */,
				6AE88E35222759D90032677C /* Lato-Bold.ttf in Resources */,
				6AE88E36222759D90032677C /* Lato-Regular.ttf in Resources */,
				6AC4866E21F2AB700068D741 /* LaunchScreen.storyboard in Resources */,
				E66A222827CA17DC001D2A63 /* Localizable.strings in Resources */,
				0FEDCF0524F89B5200358051 /* denylist.txt in Resources */,
			);
			runOnlyForDeploymentPostprocessing = 0;
		};
		6A29FD1320E6EB10004885EC /* Resources */ = {
			isa = PBXResourcesBuildPhase;
			buildActionMask = 2147483647;
			files = (
			);
			runOnlyForDeploymentPostprocessing = 0;
		};
/* End PBXResourcesBuildPhase section */

/* Begin PBXSourcesBuildPhase section */
		6A29FCFD20E6EB0F004885EC /* Sources */ = {
			isa = PBXSourcesBuildPhase;
			buildActionMask = 2147483647;
			files = (
				6A29FD0520E6EB0F004885EC /* AppDelegate.swift in Sources */,
				6A29FD0720E6EB0F004885EC /* AutocompleteViewController.swift in Sources */,
				6AF5D92820EC255B008186C3 /* AutocompleteViewModel.swift in Sources */,
				E674DE2327CAEF9F00361ED8 /* KeyboardNotifyingViewController.swift in Sources */,
				E66A222C27CA181C001D2A63 /* LocalizableKey.swift in Sources */,
				E66A227527CA2418001D2A63 /* LoggerExtensions.swift in Sources */,
				E6C396AC27C8C09200613165 /* MessageView.swift in Sources */,
				E674DE2627CB030100361ED8 /* NetworkService.swift in Sources */,
				E69DFAC627C843C6003F9FE8 /* SearchDenyList.swift in Sources */,
				E6C396A527C8902300613165 /* SearchError.swift in Sources */,
				6A29FD2920E6EC2F004885EC /* SlackUserSearchService.swift in Sources */,
				E69DFAC427C83C1C003F9FE8 /* UIColor+custom.swift in Sources */,
				E69DFABE27C82E8F003F9FE8 /* UIFont+lato.swift in Sources */,
				E674DD4427CAE05C00361ED8 /* UserDataSource.swift in Sources */,
				6A29FD2720E6EC1F004885EC /* UserSearchResult.swift in Sources */,
				6A29FD2D20E6EC79004885EC /* UserSearchResultDataProvider.swift in Sources */,
				E69DFAB927C75329003F9FE8 /* UserTableCellView.swift in Sources */,
			);
			runOnlyForDeploymentPostprocessing = 0;
		};
		6A29FD1120E6EB10004885EC /* Sources */ = {
			isa = PBXSourcesBuildPhase;
			buildActionMask = 2147483647;
			files = (
				E69DFAC827C85E5D003F9FE8 /* MockDenyList.swift in Sources */,
				E674DE2A27CB04AD00361ED8 /* MockNetworkService.swift in Sources */,
				E69DFABB27C76B91003F9FE8 /* MockUserSearchService.swift in Sources */,
				E674DE6D27CB0A4400361ED8 /* SlackUserSearchUrlTests.swift in Sources */,
				E674DE2827CB047C00361ED8 /* UserSeachServiceTests.swift in Sources */,
				6A29FD1A20E6EB10004885EC /* UserSearchResultDataProviderTests.swift in Sources */,
			);
			runOnlyForDeploymentPostprocessing = 0;
		};
/* End PBXSourcesBuildPhase section */

/* Begin PBXTargetDependency section */
		6A29FD1720E6EB10004885EC /* PBXTargetDependency */ = {
			isa = PBXTargetDependency;
			target = 6A29FD0020E6EB0F004885EC /* CodingExercise */;
			targetProxy = 6A29FD1620E6EB10004885EC /* PBXContainerItemProxy */;
		};
/* End PBXTargetDependency section */

/* Begin PBXVariantGroup section */
		E66A222A27CA17DC001D2A63 /* Localizable.strings */ = {
			isa = PBXVariantGroup;
			children = (
				E66A222927CA17DC001D2A63 /* en */,
			);
			name = Localizable.strings;
			sourceTree = "<group>";
		};
/* End PBXVariantGroup section */

/* Begin XCBuildConfiguration section */
		6A29FD1C20E6EB10004885EC /* Debug */ = {
			isa = XCBuildConfiguration;
			buildSettings = {
				ALWAYS_SEARCH_USER_PATHS = NO;
				CLANG_ANALYZER_NONNULL = YES;
				CLANG_ANALYZER_NUMBER_OBJECT_CONVERSION = YES_AGGRESSIVE;
				CLANG_CXX_LANGUAGE_STANDARD = "gnu++14";
				CLANG_CXX_LIBRARY = "libc++";
				CLANG_ENABLE_MODULES = YES;
				CLANG_ENABLE_OBJC_ARC = YES;
				CLANG_WARN_BLOCK_CAPTURE_AUTORELEASING = YES;
				CLANG_WARN_BOOL_CONVERSION = YES;
				CLANG_WARN_COMMA = YES;
				CLANG_WARN_CONSTANT_CONVERSION = YES;
				CLANG_WARN_DEPRECATED_OBJC_IMPLEMENTATIONS = YES;
				CLANG_WARN_DIRECT_OBJC_ISA_USAGE = YES_ERROR;
				CLANG_WARN_DOCUMENTATION_COMMENTS = YES;
				CLANG_WARN_EMPTY_BODY = YES;
				CLANG_WARN_ENUM_CONVERSION = YES;
				CLANG_WARN_INFINITE_RECURSION = YES;
				CLANG_WARN_INT_CONVERSION = YES;
				CLANG_WARN_NON_LITERAL_NULL_CONVERSION = YES;
				CLANG_WARN_OBJC_IMPLICIT_RETAIN_SELF = YES;
				CLANG_WARN_OBJC_LITERAL_CONVERSION = YES;
				CLANG_WARN_OBJC_ROOT_CLASS = YES_ERROR;
				CLANG_WARN_QUOTED_INCLUDE_IN_FRAMEWORK_HEADER = YES;
				CLANG_WARN_RANGE_LOOP_ANALYSIS = YES;
				CLANG_WARN_STRICT_PROTOTYPES = YES;
				CLANG_WARN_SUSPICIOUS_MOVE = YES;
				CLANG_WARN_UNGUARDED_AVAILABILITY = YES_AGGRESSIVE;
				CLANG_WARN_UNREACHABLE_CODE = YES;
				CLANG_WARN__DUPLICATE_METHOD_MATCH = YES;
				CODE_SIGN_IDENTITY = "iPhone Developer";
				COPY_PHASE_STRIP = NO;
				DEBUG_INFORMATION_FORMAT = dwarf;
				ENABLE_STRICT_OBJC_MSGSEND = YES;
				ENABLE_TESTABILITY = YES;
				GCC_C_LANGUAGE_STANDARD = gnu11;
				GCC_DYNAMIC_NO_PIC = NO;
				GCC_NO_COMMON_BLOCKS = YES;
				GCC_OPTIMIZATION_LEVEL = 0;
				GCC_PREPROCESSOR_DEFINITIONS = (
					"DEBUG=1",
					"$(inherited)",
				);
				GCC_WARN_64_TO_32_BIT_CONVERSION = YES;
				GCC_WARN_ABOUT_RETURN_TYPE = YES_ERROR;
				GCC_WARN_UNDECLARED_SELECTOR = YES;
				GCC_WARN_UNINITIALIZED_AUTOS = YES_AGGRESSIVE;
				GCC_WARN_UNUSED_FUNCTION = YES;
				GCC_WARN_UNUSED_VARIABLE = YES;
				IPHONEOS_DEPLOYMENT_TARGET = 14.0;
				MTL_ENABLE_DEBUG_INFO = YES;
				ONLY_ACTIVE_ARCH = YES;
				SDKROOT = iphoneos;
				SWIFT_ACTIVE_COMPILATION_CONDITIONS = DEBUG;
				SWIFT_OPTIMIZATION_LEVEL = "-Onone";
			};
			name = Debug;
		};
		6A29FD1D20E6EB10004885EC /* Release */ = {
			isa = XCBuildConfiguration;
			buildSettings = {
				ALWAYS_SEARCH_USER_PATHS = NO;
				CLANG_ANALYZER_NONNULL = YES;
				CLANG_ANALYZER_NUMBER_OBJECT_CONVERSION = YES_AGGRESSIVE;
				CLANG_CXX_LANGUAGE_STANDARD = "gnu++14";
				CLANG_CXX_LIBRARY = "libc++";
				CLANG_ENABLE_MODULES = YES;
				CLANG_ENABLE_OBJC_ARC = YES;
				CLANG_WARN_BLOCK_CAPTURE_AUTORELEASING = YES;
				CLANG_WARN_BOOL_CONVERSION = YES;
				CLANG_WARN_COMMA = YES;
				CLANG_WARN_CONSTANT_CONVERSION = YES;
				CLANG_WARN_DEPRECATED_OBJC_IMPLEMENTATIONS = YES;
				CLANG_WARN_DIRECT_OBJC_ISA_USAGE = YES_ERROR;
				CLANG_WARN_DOCUMENTATION_COMMENTS = YES;
				CLANG_WARN_EMPTY_BODY = YES;
				CLANG_WARN_ENUM_CONVERSION = YES;
				CLANG_WARN_INFINITE_RECURSION = YES;
				CLANG_WARN_INT_CONVERSION = YES;
				CLANG_WARN_NON_LITERAL_NULL_CONVERSION = YES;
				CLANG_WARN_OBJC_IMPLICIT_RETAIN_SELF = YES;
				CLANG_WARN_OBJC_LITERAL_CONVERSION = YES;
				CLANG_WARN_OBJC_ROOT_CLASS = YES_ERROR;
				CLANG_WARN_QUOTED_INCLUDE_IN_FRAMEWORK_HEADER = YES;
				CLANG_WARN_RANGE_LOOP_ANALYSIS = YES;
				CLANG_WARN_STRICT_PROTOTYPES = YES;
				CLANG_WARN_SUSPICIOUS_MOVE = YES;
				CLANG_WARN_UNGUARDED_AVAILABILITY = YES_AGGRESSIVE;
				CLANG_WARN_UNREACHABLE_CODE = YES;
				CLANG_WARN__DUPLICATE_METHOD_MATCH = YES;
				CODE_SIGN_IDENTITY = "iPhone Developer";
				COPY_PHASE_STRIP = NO;
				DEBUG_INFORMATION_FORMAT = "dwarf-with-dsym";
				ENABLE_NS_ASSERTIONS = NO;
				ENABLE_STRICT_OBJC_MSGSEND = YES;
				GCC_C_LANGUAGE_STANDARD = gnu11;
				GCC_NO_COMMON_BLOCKS = YES;
				GCC_WARN_64_TO_32_BIT_CONVERSION = YES;
				GCC_WARN_ABOUT_RETURN_TYPE = YES_ERROR;
				GCC_WARN_UNDECLARED_SELECTOR = YES;
				GCC_WARN_UNINITIALIZED_AUTOS = YES_AGGRESSIVE;
				GCC_WARN_UNUSED_FUNCTION = YES;
				GCC_WARN_UNUSED_VARIABLE = YES;
				IPHONEOS_DEPLOYMENT_TARGET = 14.0;
				MTL_ENABLE_DEBUG_INFO = NO;
				SDKROOT = iphoneos;
				SWIFT_COMPILATION_MODE = wholemodule;
				SWIFT_OPTIMIZATION_LEVEL = "-O";
				VALIDATE_PRODUCT = YES;
			};
			name = Release;
		};
		6A29FD1F20E6EB10004885EC /* Debug */ = {
			isa = XCBuildConfiguration;
			buildSettings = {
				ASSETCATALOG_COMPILER_APPICON_NAME = AppIcon;
				CODE_SIGN_STYLE = Automatic;
				DEVELOPMENT_TEAM = QQR7KQB65R;
				INFOPLIST_FILE = CodingExercise/Info.plist;
				IPHONEOS_DEPLOYMENT_TARGET = 14.0;
				LD_RUNPATH_SEARCH_PATHS = (
					"$(inherited)",
					"@executable_path/Frameworks",
				);
				PRODUCT_BUNDLE_IDENTIFIER = slack.CodingExercise;
				PRODUCT_NAME = "$(TARGET_NAME)";
				SWIFT_VERSION = 5.0;
				TARGETED_DEVICE_FAMILY = "1,2";
			};
			name = Debug;
		};
		6A29FD2020E6EB10004885EC /* Release */ = {
			isa = XCBuildConfiguration;
			buildSettings = {
				ASSETCATALOG_COMPILER_APPICON_NAME = AppIcon;
				CODE_SIGN_STYLE = Automatic;
				DEVELOPMENT_TEAM = QQR7KQB65R;
				INFOPLIST_FILE = CodingExercise/Info.plist;
				IPHONEOS_DEPLOYMENT_TARGET = 14.0;
				LD_RUNPATH_SEARCH_PATHS = (
					"$(inherited)",
					"@executable_path/Frameworks",
				);
				PRODUCT_BUNDLE_IDENTIFIER = slack.CodingExercise;
				PRODUCT_NAME = "$(TARGET_NAME)";
				SWIFT_VERSION = 5.0;
				TARGETED_DEVICE_FAMILY = "1,2";
			};
			name = Release;
		};
		6A29FD2220E6EB10004885EC /* Debug */ = {
			isa = XCBuildConfiguration;
			buildSettings = {
				ALWAYS_EMBED_SWIFT_STANDARD_LIBRARIES = YES;
				BUNDLE_LOADER = "$(TEST_HOST)";
				CODE_SIGN_STYLE = Automatic;
				DEVELOPMENT_TEAM = 6UF7FN999R;
				INFOPLIST_FILE = CodingExerciseTests/Info.plist;
				LD_RUNPATH_SEARCH_PATHS = (
					"$(inherited)",
					"@executable_path/Frameworks",
					"@loader_path/Frameworks",
				);
				PRODUCT_BUNDLE_IDENTIFIER = slack.CodingExerciseTests;
				PRODUCT_NAME = "$(TARGET_NAME)";
				SWIFT_VERSION = 5.0;
				TARGETED_DEVICE_FAMILY = "1,2";
				TEST_HOST = "$(BUILT_PRODUCTS_DIR)/CodingExercise.app/CodingExercise";
			};
			name = Debug;
		};
		6A29FD2320E6EB10004885EC /* Release */ = {
			isa = XCBuildConfiguration;
			buildSettings = {
				ALWAYS_EMBED_SWIFT_STANDARD_LIBRARIES = YES;
				BUNDLE_LOADER = "$(TEST_HOST)";
				CODE_SIGN_STYLE = Automatic;
				DEVELOPMENT_TEAM = 6UF7FN999R;
				INFOPLIST_FILE = CodingExerciseTests/Info.plist;
				LD_RUNPATH_SEARCH_PATHS = (
					"$(inherited)",
					"@executable_path/Frameworks",
					"@loader_path/Frameworks",
				);
				PRODUCT_BUNDLE_IDENTIFIER = slack.CodingExerciseTests;
				PRODUCT_NAME = "$(TARGET_NAME)";
				SWIFT_VERSION = 5.0;
				TARGETED_DEVICE_FAMILY = "1,2";
				TEST_HOST = "$(BUILT_PRODUCTS_DIR)/CodingExercise.app/CodingExercise";
			};
			name = Release;
		};
/* End XCBuildConfiguration section */

/* Begin XCConfigurationList section */
		6A29FCFC20E6EB0F004885EC /* Build configuration list for PBXProject "CodingExercise" */ = {
			isa = XCConfigurationList;
			buildConfigurations = (
				6A29FD1C20E6EB10004885EC /* Debug */,
				6A29FD1D20E6EB10004885EC /* Release */,
			);
			defaultConfigurationIsVisible = 0;
			defaultConfigurationName = Release;
		};
		6A29FD1E20E6EB10004885EC /* Build configuration list for PBXNativeTarget "CodingExercise" */ = {
			isa = XCConfigurationList;
			buildConfigurations = (
				6A29FD1F20E6EB10004885EC /* Debug */,
				6A29FD2020E6EB10004885EC /* Release */,
			);
			defaultConfigurationIsVisible = 0;
			defaultConfigurationName = Release;
		};
		6A29FD2120E6EB10004885EC /* Build configuration list for PBXNativeTarget "CodingExerciseTests" */ = {
			isa = XCConfigurationList;
			buildConfigurations = (
				6A29FD2220E6EB10004885EC /* Debug */,
				6A29FD2320E6EB10004885EC /* Release */,
			);
			defaultConfigurationIsVisible = 0;
			defaultConfigurationName = Release;
		};
/* End XCConfigurationList section */

/* Begin XCRemoteSwiftPackageReference section */
		E69DFABF27C838C1003F9FE8 /* XCRemoteSwiftPackageReference "Kingfisher" */ = {
			isa = XCRemoteSwiftPackageReference;
			repositoryURL = "https://github.com/onevcat/Kingfisher.git";
			requirement = {
				kind = upToNextMajorVersion;
				minimumVersion = 7.0.0;
			};
		};
/* End XCRemoteSwiftPackageReference section */

/* Begin XCSwiftPackageProductDependency section */
		E69DFAC027C838C1003F9FE8 /* Kingfisher */ = {
			isa = XCSwiftPackageProductDependency;
			package = E69DFABF27C838C1003F9FE8 /* XCRemoteSwiftPackageReference "Kingfisher" */;
			productName = Kingfisher;
		};
/* End XCSwiftPackageProductDependency section */
	};
	rootObject = 6A29FCF920E6EB0F004885EC /* Project object */;
}
